
Microsoft Visual Studio Solution File, Format Version 12.00
# Visual Studio Version 17
VisualStudioVersion = 17.3.32929.385
MinimumVisualStudioVersion = 10.0.40219.1
Project("{FAE04EC0-301F-11D3-BF4B-00C04F79EFBC}") = "MotorcycleDemo", "MotorcycleDemo\MotorcycleDemo.csproj", "{7BF05647-DA76-467B-944D-26FDF260B71E}"
EndProject
Global
	GlobalSection(SolutionConfigurationPlatforms) = preSolution
		Debug|Any CPU = Debug|Any CPU
		Release|Any CPU = Release|Any CPU
	EndGlobalSection
	GlobalSection(ProjectConfigurationPlatforms) = postSolution
		{7BF05647-DA76-467B-944D-26FDF260B71E}.Debug|Any CPU.ActiveCfg = Debug|Any CPU
		{7BF05647-DA76-467B-944D-26FDF260B71E}.Debug|Any CPU.Build.0 = Debug|Any CPU
		{7BF05647-DA76-467B-944D-26FDF260B71E}.Release|Any CPU.ActiveCfg = Release|Any CPU
		{7BF05647-DA76-467B-944D-26FDF260B71E}.Release|Any CPU.Build.0 = Release|Any CPU
	EndGlobalSection
	GlobalSection(SolutionProperties) = preSolution
		HideSolutionNode = FALSE
	EndGlobalSection
	GlobalSection(ExtensibilityGlobals) = postSolution
		SolutionGuid = {E3455E73-7391-4427-9C6C-3DA84B5317EC}
	EndGlobalSection
EndGlobal
